
Microsoft Visual Studio Solution File, Format Version 12.00
# Visual Studio Version 16
VisualStudioVersion = 16.0.32510.428
MinimumVisualStudioVersion = 10.0.40219.1
Project("{FAE04EC0-301F-11D3-BF4B-00C04F79EFBC}") = "coreMVC2", "coreMVC2.csproj", "{C518AFAD-15D4-46ED-BBD1-5B766475EA2C}"
EndProject
Global
	GlobalSection(SolutionConfigurationPlatforms) = preSolution
		Debug|Any CPU = Debug|Any CPU
		Release|Any CPU = Release|Any CPU
	EndGlobalSection
	GlobalSection(ProjectConfigurationPlatforms) = postSolution
		{C518AFAD-15D4-46ED-BBD1-5B766475EA2C}.Debug|Any CPU.ActiveCfg = Debug|Any CPU
		{C518AFAD-15D4-46ED-BBD1-5B766475EA2C}.Debug|Any CPU.Build.0 = Debug|Any CPU
		{C518AFAD-15D4-46ED-BBD1-5B766475EA2C}.Release|Any CPU.ActiveCfg = Release|Any CPU
		{C518AFAD-15D4-46ED-BBD1-5B766475EA2C}.Release|Any CPU.Build.0 = Release|Any CPU
	EndGlobalSection
	GlobalSection(SolutionProperties) = preSolution
		HideSolutionNode = FALSE
	EndGlobalSection
	GlobalSection(ExtensibilityGlobals) = postSolution
		SolutionGuid = {7CA02373-9BDC-4DA8-A38C-73D9579DAB37}
	EndGlobalSection
EndGlobal
